
Microsoft Visual Studio Solution File, Format Version 12.00
# Visual Studio Version 16
VisualStudioVersion = 16.0.30225.117
MinimumVisualStudioVersion = 10.0.40219.1
Project("{FAE04EC0-301F-11D3-BF4B-00C04F79EFBC}") = "Librarian", "Librarian.csproj", "{FAAC649A-D6F7-4640-90B1-FEC1BF20A4CC}"
EndProject
Project("{FAE04EC0-301F-11D3-BF4B-00C04F79EFBC}") = "DataModels", "..\DataModels\DataModels.csproj", "{840C5F49-7F51-4910-B686-76A9B3D4EC4F}"
EndProject
Project("{FAE04EC0-301F-11D3-BF4B-00C04F79EFBC}") = "BLL", "..\BLL\BLL.csproj", "{D503042F-CB51-4E0F-A987-99E3A201A3A9}"
EndProject
Project("{FAE04EC0-301F-11D3-BF4B-00C04F79EFBC}") = "DAL", "..\DAL\DAL.csproj", "{90B3D639-94AD-4A6A-AAE6-2BC5A6FBAF23}"
EndProject
Global
	GlobalSection(SolutionConfigurationPlatforms) = preSolution
		Debug|Any CPU = Debug|Any CPU
		Release|Any CPU = Release|Any CPU
	EndGlobalSection
	GlobalSection(ProjectConfigurationPlatforms) = postSolution
		{FAAC649A-D6F7-4640-90B1-FEC1BF20A4CC}.Debug|Any CPU.ActiveCfg = Debug|Any CPU
		{FAAC649A-D6F7-4640-90B1-FEC1BF20A4CC}.Debug|Any CPU.Build.0 = Debug|Any CPU
		{FAAC649A-D6F7-4640-90B1-FEC1BF20A4CC}.Release|Any CPU.ActiveCfg = Release|Any CPU
		{FAAC649A-D6F7-4640-90B1-FEC1BF20A4CC}.Release|Any CPU.Build.0 = Release|Any CPU
		{840C5F49-7F51-4910-B686-76A9B3D4EC4F}.Debug|Any CPU.ActiveCfg = Debug|Any CPU
		{840C5F49-7F51-4910-B686-76A9B3D4EC4F}.Debug|Any CPU.Build.0 = Debug|Any CPU
		{840C5F49-7F51-4910-B686-76A9B3D4EC4F}.Release|Any CPU.ActiveCfg = Release|Any CPU
		{840C5F49-7F51-4910-B686-76A9B3D4EC4F}.Release|Any CPU.Build.0 = Release|Any CPU
		{D503042F-CB51-4E0F-A987-99E3A201A3A9}.Debug|Any CPU.ActiveCfg = Debug|Any CPU
		{D503042F-CB51-4E0F-A987-99E3A201A3A9}.Debug|Any CPU.Build.0 = Debug|Any CPU
		{D503042F-CB51-4E0F-A987-99E3A201A3A9}.Release|Any CPU.ActiveCfg = Release|Any CPU
		{D503042F-CB51-4E0F-A987-99E3A201A3A9}.Release|Any CPU.Build.0 = Release|Any CPU
		{90B3D639-94AD-4A6A-AAE6-2BC5A6FBAF23}.Debug|Any CPU.ActiveCfg = Debug|Any CPU
		{90B3D639-94AD-4A6A-AAE6-2BC5A6FBAF23}.Debug|Any CPU.Build.0 = Debug|Any CPU
		{90B3D639-94AD-4A6A-AAE6-2BC5A6FBAF23}.Release|Any CPU.ActiveCfg = Release|Any CPU
		{90B3D639-94AD-4A6A-AAE6-2BC5A6FBAF23}.Release|Any CPU.Build.0 = Release|Any CPU
	EndGlobalSection
	GlobalSection(SolutionProperties) = preSolution
		HideSolutionNode = FALSE
	EndGlobalSection
	GlobalSection(ExtensibilityGlobals) = postSolution
		SolutionGuid = {0E2F7596-FA42-40FC-8A71-03275656C726}
	EndGlobalSection
EndGlobal
